
Microsoft Visual Studio Solution File, Format Version 12.00
# Visual Studio Version 16
VisualStudioVersion = 16.0.31410.357
MinimumVisualStudioVersion = 10.0.40219.1
Project("{FAE04EC0-301F-11D3-BF4B-00C04F79EFBC}") = "MailingListNet", "MailingListNet\MailingListNet.csproj", "{DB4CC3D1-62BF-479C-B6AE-39160F72535C}"
EndProject
Project("{FAE04EC0-301F-11D3-BF4B-00C04F79EFBC}") = "MailingListNet.Persistence", "MailingListNet.Persistence\MailingListNet.Persistence.csproj", "{A1D273B4-AFA2-40F5-A98F-9702F1A24BDB}"
EndProject
Project("{FAE04EC0-301F-11D3-BF4B-00C04F79EFBC}") = "MailingListNet.Shared", "MailingListNet.Shared\MailingListNet.Shared.csproj", "{87FF1A5D-8704-4731-92B4-A23C9337CF78}"
EndProject
Project("{FAE04EC0-301F-11D3-BF4B-00C04F79EFBC}") = "MailingListNet.Service", "MailingListNet.Service\MailingListNet.Service.csproj", "{A854A3C5-5D6F-43C4-821C-9C486014908C}"
EndProject
Project("{FAE04EC0-301F-11D3-BF4B-00C04F79EFBC}") = "MailingListNet.ServiceTests", "MailingListNet.ServiceTests\MailingListNet.ServiceTests.csproj", "{40E1356D-27AD-494F-9EDA-9B288BDD35C7}"
EndProject
Global
	GlobalSection(SolutionConfigurationPlatforms) = preSolution
		Debug|Any CPU = Debug|Any CPU
		Release|Any CPU = Release|Any CPU
	EndGlobalSection
	GlobalSection(ProjectConfigurationPlatforms) = postSolution
		{DB4CC3D1-62BF-479C-B6AE-39160F72535C}.Debug|Any CPU.ActiveCfg = Debug|Any CPU
		{DB4CC3D1-62BF-479C-B6AE-39160F72535C}.Debug|Any CPU.Build.0 = Debug|Any CPU
		{DB4CC3D1-62BF-479C-B6AE-39160F72535C}.Release|Any CPU.ActiveCfg = Release|Any CPU
		{DB4CC3D1-62BF-479C-B6AE-39160F72535C}.Release|Any CPU.Build.0 = Release|Any CPU
		{A1D273B4-AFA2-40F5-A98F-9702F1A24BDB}.Debug|Any CPU.ActiveCfg = Debug|Any CPU
		{A1D273B4-AFA2-40F5-A98F-9702F1A24BDB}.Debug|Any CPU.Build.0 = Debug|Any CPU
		{A1D273B4-AFA2-40F5-A98F-9702F1A24BDB}.Release|Any CPU.ActiveCfg = Release|Any CPU
		{A1D273B4-AFA2-40F5-A98F-9702F1A24BDB}.Release|Any CPU.Build.0 = Release|Any CPU
		{87FF1A5D-8704-4731-92B4-A23C9337CF78}.Debug|Any CPU.ActiveCfg = Debug|Any CPU
		{87FF1A5D-8704-4731-92B4-A23C9337CF78}.Debug|Any CPU.Build.0 = Debug|Any CPU
		{87FF1A5D-8704-4731-92B4-A23C9337CF78}.Release|Any CPU.ActiveCfg = Release|Any CPU
		{87FF1A5D-8704-4731-92B4-A23C9337CF78}.Release|Any CPU.Build.0 = Release|Any CPU
		{A854A3C5-5D6F-43C4-821C-9C486014908C}.Debug|Any CPU.ActiveCfg = Debug|Any CPU
		{A854A3C5-5D6F-43C4-821C-9C486014908C}.Debug|Any CPU.Build.0 = Debug|Any CPU
		{A854A3C5-5D6F-43C4-821C-9C486014908C}.Release|Any CPU.ActiveCfg = Release|Any CPU
		{A854A3C5-5D6F-43C4-821C-9C486014908C}.Release|Any CPU.Build.0 = Release|Any CPU
		{40E1356D-27AD-494F-9EDA-9B288BDD35C7}.Debug|Any CPU.ActiveCfg = Debug|Any CPU
		{40E1356D-27AD-494F-9EDA-9B288BDD35C7}.Debug|Any CPU.Build.0 = Debug|Any CPU
		{40E1356D-27AD-494F-9EDA-9B288BDD35C7}.Release|Any CPU.ActiveCfg = Release|Any CPU
		{40E1356D-27AD-494F-9EDA-9B288BDD35C7}.Release|Any CPU.Build.0 = Release|Any CPU
	EndGlobalSection
	GlobalSection(SolutionProperties) = preSolution
		HideSolutionNode = FALSE
	EndGlobalSection
	GlobalSection(ExtensibilityGlobals) = postSolution
		SolutionGuid = {D281A35D-8CC6-4A88-B65F-53FC7713F84F}
	EndGlobalSection
EndGlobal
